// !$*UTF8*$!
{
	archiveVersion = 1;
	classes = {
	};
	objectVersion = 46;
	objects = {

/* Begin PBXAggregateTarget section */
		DAA5E6F41A91A6B80010BB30 /* UniversalVTMobileSDK */ = {
			isa = PBXAggregateTarget;
			buildConfigurationList = DAA5E6F71A91A6B80010BB30 /* Build configuration list for PBXAggregateTarget "UniversalVTMobileSDK" */;
			buildPhases = (
				DAA5E6F81A91A73F0010BB30 /* ShellScript */,
			);
			dependencies = (
			);
			name = UniversalVTMobileSDK;
			productName = UniversalVTMobileSDK;
		};
/* End PBXAggregateTarget section */

/* Begin PBXBuildFile section */
		DAA074A01A89D5F700FD2927 /* VTConstants.m in Sources */ = {isa = PBXBuildFile; fileRef = DAA0749F1A89D5F700FD2927 /* VTConstants.m */; };
		DAA074A31A89DAB800FD2927 /* VTConstantTest.m in Sources */ = {isa = PBXBuildFile; fileRef = DAA074A21A89DAB800FD2927 /* VTConstantTest.m */; };
		DAA074A51A89DF1100FD2927 /* VTMobileTest.m in Sources */ = {isa = PBXBuildFile; fileRef = DAA074A41A89DF1100FD2927 /* VTMobileTest.m */; };
		DAA074A91A89ED0E00FD2927 /* VTBaseResponse.m in Sources */ = {isa = PBXBuildFile; fileRef = DAA074A81A89ED0E00FD2927 /* VTBaseResponse.m */; };
		DAA074AC1A89ED6200FD2927 /* VTGetProductResponse.m in Sources */ = {isa = PBXBuildFile; fileRef = DAA074AB1A89ED6200FD2927 /* VTGetProductResponse.m */; };
		DAA074AF1A89F1AD00FD2927 /* VTHttpContainer.m in Sources */ = {isa = PBXBuildFile; fileRef = DAA074AE1A89F1AD00FD2927 /* VTHttpContainer.m */; };
		DAA074B21A8A0E8300FD2927 /* VTProduct.m in Sources */ = {isa = PBXBuildFile; fileRef = DAA074B11A8A0E8300FD2927 /* VTProduct.m */; };
		DAA074B51A8A2F2D00FD2927 /* VTChargeResponse.m in Sources */ = {isa = PBXBuildFile; fileRef = DAA074B41A8A2F2D00FD2927 /* VTChargeResponse.m */; };
		DAACAC321A8B0EFF00C6265A /* JSONModel.m in Sources */ = {isa = PBXBuildFile; fileRef = DAACAC1B1A8B0EFF00C6265A /* JSONModel.m */; };
		DAACAC331A8B0EFF00C6265A /* JSONModel.m in Sources */ = {isa = PBXBuildFile; fileRef = DAACAC1B1A8B0EFF00C6265A /* JSONModel.m */; };
		DAACAC341A8B0EFF00C6265A /* JSONModelArray.m in Sources */ = {isa = PBXBuildFile; fileRef = DAACAC1D1A8B0EFF00C6265A /* JSONModelArray.m */; };
		DAACAC351A8B0EFF00C6265A /* JSONModelArray.m in Sources */ = {isa = PBXBuildFile; fileRef = DAACAC1D1A8B0EFF00C6265A /* JSONModelArray.m */; };
		DAACAC361A8B0EFF00C6265A /* JSONModelClassProperty.m in Sources */ = {isa = PBXBuildFile; fileRef = DAACAC1F1A8B0EFF00C6265A /* JSONModelClassProperty.m */; };
		DAACAC371A8B0EFF00C6265A /* JSONModelClassProperty.m in Sources */ = {isa = PBXBuildFile; fileRef = DAACAC1F1A8B0EFF00C6265A /* JSONModelClassProperty.m */; };
		DAACAC381A8B0EFF00C6265A /* JSONModelError.m in Sources */ = {isa = PBXBuildFile; fileRef = DAACAC211A8B0EFF00C6265A /* JSONModelError.m */; };
		DAACAC391A8B0EFF00C6265A /* JSONModelError.m in Sources */ = {isa = PBXBuildFile; fileRef = DAACAC211A8B0EFF00C6265A /* JSONModelError.m */; };
		DAACAC3A1A8B0EFF00C6265A /* NSArray+JSONModel.m in Sources */ = {isa = PBXBuildFile; fileRef = DAACAC241A8B0EFF00C6265A /* NSArray+JSONModel.m */; };
		DAACAC3B1A8B0EFF00C6265A /* NSArray+JSONModel.m in Sources */ = {isa = PBXBuildFile; fileRef = DAACAC241A8B0EFF00C6265A /* NSArray+JSONModel.m */; };
		DAACAC3C1A8B0EFF00C6265A /* JSONAPI.m in Sources */ = {isa = PBXBuildFile; fileRef = DAACAC281A8B0EFF00C6265A /* JSONAPI.m */; };
		DAACAC3D1A8B0EFF00C6265A /* JSONAPI.m in Sources */ = {isa = PBXBuildFile; fileRef = DAACAC281A8B0EFF00C6265A /* JSONAPI.m */; };
		DAACAC3E1A8B0EFF00C6265A /* JSONHTTPClient.m in Sources */ = {isa = PBXBuildFile; fileRef = DAACAC2A1A8B0EFF00C6265A /* JSONHTTPClient.m */; };
		DAACAC3F1A8B0EFF00C6265A /* JSONHTTPClient.m in Sources */ = {isa = PBXBuildFile; fileRef = DAACAC2A1A8B0EFF00C6265A /* JSONHTTPClient.m */; };
		DAACAC401A8B0EFF00C6265A /* JSONModel+networking.m in Sources */ = {isa = PBXBuildFile; fileRef = DAACAC2C1A8B0EFF00C6265A /* JSONModel+networking.m */; };
		DAACAC411A8B0EFF00C6265A /* JSONModel+networking.m in Sources */ = {isa = PBXBuildFile; fileRef = DAACAC2C1A8B0EFF00C6265A /* JSONModel+networking.m */; };
		DAACAC421A8B0EFF00C6265A /* JSONKeyMapper.m in Sources */ = {isa = PBXBuildFile; fileRef = DAACAC2F1A8B0EFF00C6265A /* JSONKeyMapper.m */; };
		DAACAC431A8B0EFF00C6265A /* JSONKeyMapper.m in Sources */ = {isa = PBXBuildFile; fileRef = DAACAC2F1A8B0EFF00C6265A /* JSONKeyMapper.m */; };
		DAACAC441A8B0EFF00C6265A /* JSONValueTransformer.m in Sources */ = {isa = PBXBuildFile; fileRef = DAACAC311A8B0EFF00C6265A /* JSONValueTransformer.m */; };
		DAACAC451A8B0EFF00C6265A /* JSONValueTransformer.m in Sources */ = {isa = PBXBuildFile; fileRef = DAACAC311A8B0EFF00C6265A /* JSONValueTransformer.m */; };
		DAACAC4C1A8B100300C6265A /* VTJsonTest.m in Sources */ = {isa = PBXBuildFile; fileRef = DAACAC4B1A8B100300C6265A /* VTJsonTest.m */; };
		DAACAC4E1A8B101600C6265A /* JsonTest.m in Sources */ = {isa = PBXBuildFile; fileRef = DAACAC4D1A8B101600C6265A /* JsonTest.m */; };
		DAACAC521A8B162800C6265A /* VTBaseRequest.m in Sources */ = {isa = PBXBuildFile; fileRef = DAACAC511A8B162700C6265A /* VTBaseRequest.m */; };
		DAACAC551A8B16CC00C6265A /* VTChargeRequest.m in Sources */ = {isa = PBXBuildFile; fileRef = DAACAC541A8B16CC00C6265A /* VTChargeRequest.m */; };
		DAACAC581A8B25E100C6265A /* VTTokenData.m in Sources */ = {isa = PBXBuildFile; fileRef = DAACAC571A8B25E100C6265A /* VTTokenData.m */; };
		DAACAC5B1A8B492800C6265A /* VTTokenRequest.m in Sources */ = {isa = PBXBuildFile; fileRef = DAACAC5A1A8B492800C6265A /* VTTokenRequest.m */; };
		DAACAC5E1A8B494800C6265A /* VTTokenResponse.m in Sources */ = {isa = PBXBuildFile; fileRef = DAACAC5D1A8B494800C6265A /* VTTokenResponse.m */; };
		DAB02B721A8C672C006B937B /* VTConfirmTransactionRequest.m in Sources */ = {isa = PBXBuildFile; fileRef = DAB02B711A8C672C006B937B /* VTConfirmTransactionRequest.m */; };
		DAB02B751A8C683B006B937B /* VTConfirmTransactionResponse.m in Sources */ = {isa = PBXBuildFile; fileRef = DAB02B741A8C683B006B937B /* VTConfirmTransactionResponse.m */; };
		DAFDFBF41A88B3B5003972C0 /* VTMobile.h in CopyFiles */ = {isa = PBXBuildFile; fileRef = DAFDFBF31A88B3B5003972C0 /* VTMobile.h */; };
		DAFDFBF61A88B3B5003972C0 /* VTMobile.m in Sources */ = {isa = PBXBuildFile; fileRef = DAFDFBF51A88B3B5003972C0 /* VTMobile.m */; };
		DAFDFBFC1A88B3B5003972C0 /* libVTMobileSDK.a in Frameworks */ = {isa = PBXBuildFile; fileRef = DAFDFBF01A88B3B5003972C0 /* libVTMobileSDK.a */; };
		DAFDFC0D1A88B576003972C0 /* VTCardDetails.m in Sources */ = {isa = PBXBuildFile; fileRef = DAFDFC0C1A88B576003972C0 /* VTCardDetails.m */; };
		DAFDFC111A88B7D8003972C0 /* VTMobileConfig.m in Sources */ = {isa = PBXBuildFile; fileRef = DAFDFC101A88B7D8003972C0 /* VTMobileConfig.m */; };
/* End PBXBuildFile section */

/* Begin PBXContainerItemProxy section */
		DAFDFBFD1A88B3B5003972C0 /* PBXContainerItemProxy */ = {
			isa = PBXContainerItemProxy;
			containerPortal = DAFDFBE81A88B3B5003972C0 /* Project object */;
			proxyType = 1;
			remoteGlobalIDString = DAFDFBEF1A88B3B5003972C0;
			remoteInfo = VTMobileSDK;
		};
/* End PBXContainerItemProxy section */

/* Begin PBXCopyFilesBuildPhase section */
		DAFDFBEE1A88B3B5003972C0 /* CopyFiles */ = {
			isa = PBXCopyFilesBuildPhase;
			buildActionMask = 2147483647;
			dstPath = "include/$(PRODUCT_NAME)";
			dstSubfolderSpec = 16;
			files = (
				DAFDFBF41A88B3B5003972C0 /* VTMobile.h in CopyFiles */,
			);
			runOnlyForDeploymentPostprocessing = 0;
		};
/* End PBXCopyFilesBuildPhase section */

/* Begin PBXFileReference section */
		DAA0749E1A89D5F700FD2927 /* VTConstants.h */ = {isa = PBXFileReference; fileEncoding = 4; lastKnownFileType = sourcecode.c.h; path = VTConstants.h; sourceTree = "<group>"; };
		DAA0749F1A89D5F700FD2927 /* VTConstants.m */ = {isa = PBXFileReference; fileEncoding = 4; lastKnownFileType = sourcecode.c.objc; path = VTConstants.m; sourceTree = "<group>"; };
		DAA074A21A89DAB800FD2927 /* VTConstantTest.m */ = {isa = PBXFileReference; fileEncoding = 4; lastKnownFileType = sourcecode.c.objc; path = VTConstantTest.m; sourceTree = "<group>"; };
		DAA074A41A89DF1100FD2927 /* VTMobileTest.m */ = {isa = PBXFileReference; fileEncoding = 4; lastKnownFileType = sourcecode.c.objc; path = VTMobileTest.m; sourceTree = "<group>"; };
		DAA074A71A89ED0E00FD2927 /* VTBaseResponse.h */ = {isa = PBXFileReference; fileEncoding = 4; lastKnownFileType = sourcecode.c.h; path = VTBaseResponse.h; sourceTree = "<group>"; };
		DAA074A81A89ED0E00FD2927 /* VTBaseResponse.m */ = {isa = PBXFileReference; fileEncoding = 4; lastKnownFileType = sourcecode.c.objc; path = VTBaseResponse.m; sourceTree = "<group>"; };
		DAA074AA1A89ED6200FD2927 /* VTGetProductResponse.h */ = {isa = PBXFileReference; fileEncoding = 4; lastKnownFileType = sourcecode.c.h; path = VTGetProductResponse.h; sourceTree = "<group>"; };
		DAA074AB1A89ED6200FD2927 /* VTGetProductResponse.m */ = {isa = PBXFileReference; fileEncoding = 4; lastKnownFileType = sourcecode.c.objc; path = VTGetProductResponse.m; sourceTree = "<group>"; };
		DAA074AD1A89F1AD00FD2927 /* VTHttpContainer.h */ = {isa = PBXFileReference; fileEncoding = 4; lastKnownFileType = sourcecode.c.h; path = VTHttpContainer.h; sourceTree = "<group>"; };
		DAA074AE1A89F1AD00FD2927 /* VTHttpContainer.m */ = {isa = PBXFileReference; fileEncoding = 4; lastKnownFileType = sourcecode.c.objc; path = VTHttpContainer.m; sourceTree = "<group>"; };
		DAA074B01A8A0E8300FD2927 /* VTProduct.h */ = {isa = PBXFileReference; fileEncoding = 4; lastKnownFileType = sourcecode.c.h; path = VTProduct.h; sourceTree = "<group>"; };
		DAA074B11A8A0E8300FD2927 /* VTProduct.m */ = {isa = PBXFileReference; fileEncoding = 4; lastKnownFileType = sourcecode.c.objc; path = VTProduct.m; sourceTree = "<group>"; };
		DAA074B31A8A2F2D00FD2927 /* VTChargeResponse.h */ = {isa = PBXFileReference; fileEncoding = 4; lastKnownFileType = sourcecode.c.h; path = VTChargeResponse.h; sourceTree = "<group>"; };
		DAA074B41A8A2F2D00FD2927 /* VTChargeResponse.m */ = {isa = PBXFileReference; fileEncoding = 4; lastKnownFileType = sourcecode.c.objc; path = VTChargeResponse.m; sourceTree = "<group>"; };
		DAACAC1A1A8B0EFF00C6265A /* JSONModel.h */ = {isa = PBXFileReference; fileEncoding = 4; lastKnownFileType = sourcecode.c.h; path = JSONModel.h; sourceTree = "<group>"; };
		DAACAC1B1A8B0EFF00C6265A /* JSONModel.m */ = {isa = PBXFileReference; fileEncoding = 4; lastKnownFileType = sourcecode.c.objc; path = JSONModel.m; sourceTree = "<group>"; };
		DAACAC1C1A8B0EFF00C6265A /* JSONModelArray.h */ = {isa = PBXFileReference; fileEncoding = 4; lastKnownFileType = sourcecode.c.h; path = JSONModelArray.h; sourceTree = "<group>"; };
		DAACAC1D1A8B0EFF00C6265A /* JSONModelArray.m */ = {isa = PBXFileReference; fileEncoding = 4; lastKnownFileType = sourcecode.c.objc; path = JSONModelArray.m; sourceTree = "<group>"; };
		DAACAC1E1A8B0EFF00C6265A /* JSONModelClassProperty.h */ = {isa = PBXFileReference; fileEncoding = 4; lastKnownFileType = sourcecode.c.h; path = JSONModelClassProperty.h; sourceTree = "<group>"; };
		DAACAC1F1A8B0EFF00C6265A /* JSONModelClassProperty.m */ = {isa = PBXFileReference; fileEncoding = 4; lastKnownFileType = sourcecode.c.objc; path = JSONModelClassProperty.m; sourceTree = "<group>"; };
		DAACAC201A8B0EFF00C6265A /* JSONModelError.h */ = {isa = PBXFileReference; fileEncoding = 4; lastKnownFileType = sourcecode.c.h; path = JSONModelError.h; sourceTree = "<group>"; };
		DAACAC211A8B0EFF00C6265A /* JSONModelError.m */ = {isa = PBXFileReference; fileEncoding = 4; lastKnownFileType = sourcecode.c.objc; path = JSONModelError.m; sourceTree = "<group>"; };
		DAACAC231A8B0EFF00C6265A /* NSArray+JSONModel.h */ = {isa = PBXFileReference; fileEncoding = 4; lastKnownFileType = sourcecode.c.h; path = "NSArray+JSONModel.h"; sourceTree = "<group>"; };
		DAACAC241A8B0EFF00C6265A /* NSArray+JSONModel.m */ = {isa = PBXFileReference; fileEncoding = 4; lastKnownFileType = sourcecode.c.objc; path = "NSArray+JSONModel.m"; sourceTree = "<group>"; };
		DAACAC251A8B0EFF00C6265A /* JSONModelLib.h */ = {isa = PBXFileReference; fileEncoding = 4; lastKnownFileType = sourcecode.c.h; path = JSONModelLib.h; sourceTree = "<group>"; };
		DAACAC271A8B0EFF00C6265A /* JSONAPI.h */ = {isa = PBXFileReference; fileEncoding = 4; lastKnownFileType = sourcecode.c.h; path = JSONAPI.h; sourceTree = "<group>"; };
		DAACAC281A8B0EFF00C6265A /* JSONAPI.m */ = {isa = PBXFileReference; fileEncoding = 4; lastKnownFileType = sourcecode.c.objc; path = JSONAPI.m; sourceTree = "<group>"; };
		DAACAC291A8B0EFF00C6265A /* JSONHTTPClient.h */ = {isa = PBXFileReference; fileEncoding = 4; lastKnownFileType = sourcecode.c.h; path = JSONHTTPClient.h; sourceTree = "<group>"; };
		DAACAC2A1A8B0EFF00C6265A /* JSONHTTPClient.m */ = {isa = PBXFileReference; fileEncoding = 4; lastKnownFileType = sourcecode.c.objc; path = JSONHTTPClient.m; sourceTree = "<group>"; };
		DAACAC2B1A8B0EFF00C6265A /* JSONModel+networking.h */ = {isa = PBXFileReference; fileEncoding = 4; lastKnownFileType = sourcecode.c.h; path = "JSONModel+networking.h"; sourceTree = "<group>"; };
		DAACAC2C1A8B0EFF00C6265A /* JSONModel+networking.m */ = {isa = PBXFileReference; fileEncoding = 4; lastKnownFileType = sourcecode.c.objc; path = "JSONModel+networking.m"; sourceTree = "<group>"; };
		DAACAC2E1A8B0EFF00C6265A /* JSONKeyMapper.h */ = {isa = PBXFileReference; fileEncoding = 4; lastKnownFileType = sourcecode.c.h; path = JSONKeyMapper.h; sourceTree = "<group>"; };
		DAACAC2F1A8B0EFF00C6265A /* JSONKeyMapper.m */ = {isa = PBXFileReference; fileEncoding = 4; lastKnownFileType = sourcecode.c.objc; path = JSONKeyMapper.m; sourceTree = "<group>"; };
		DAACAC301A8B0EFF00C6265A /* JSONValueTransformer.h */ = {isa = PBXFileReference; fileEncoding = 4; lastKnownFileType = sourcecode.c.h; path = JSONValueTransformer.h; sourceTree = "<group>"; };
		DAACAC311A8B0EFF00C6265A /* JSONValueTransformer.m */ = {isa = PBXFileReference; fileEncoding = 4; lastKnownFileType = sourcecode.c.objc; path = JSONValueTransformer.m; sourceTree = "<group>"; };
		DAACAC4A1A8B100300C6265A /* VTJsonTest.h */ = {isa = PBXFileReference; fileEncoding = 4; lastKnownFileType = sourcecode.c.h; path = VTJsonTest.h; sourceTree = "<group>"; };
		DAACAC4B1A8B100300C6265A /* VTJsonTest.m */ = {isa = PBXFileReference; fileEncoding = 4; lastKnownFileType = sourcecode.c.objc; path = VTJsonTest.m; sourceTree = "<group>"; };
		DAACAC4D1A8B101600C6265A /* JsonTest.m */ = {isa = PBXFileReference; fileEncoding = 4; lastKnownFileType = sourcecode.c.objc; path = JsonTest.m; sourceTree = "<group>"; };
		DAACAC501A8B162700C6265A /* VTBaseRequest.h */ = {isa = PBXFileReference; fileEncoding = 4; lastKnownFileType = sourcecode.c.h; path = VTBaseRequest.h; sourceTree = "<group>"; };
		DAACAC511A8B162700C6265A /* VTBaseRequest.m */ = {isa = PBXFileReference; fileEncoding = 4; lastKnownFileType = sourcecode.c.objc; path = VTBaseRequest.m; sourceTree = "<group>"; };
		DAACAC531A8B16CC00C6265A /* VTChargeRequest.h */ = {isa = PBXFileReference; fileEncoding = 4; lastKnownFileType = sourcecode.c.h; path = VTChargeRequest.h; sourceTree = "<group>"; };
		DAACAC541A8B16CC00C6265A /* VTChargeRequest.m */ = {isa = PBXFileReference; fileEncoding = 4; lastKnownFileType = sourcecode.c.objc; path = VTChargeRequest.m; sourceTree = "<group>"; };
		DAACAC561A8B25E100C6265A /* VTTokenData.h */ = {isa = PBXFileReference; fileEncoding = 4; lastKnownFileType = sourcecode.c.h; path = VTTokenData.h; sourceTree = "<group>"; };
		DAACAC571A8B25E100C6265A /* VTTokenData.m */ = {isa = PBXFileReference; fileEncoding = 4; lastKnownFileType = sourcecode.c.objc; path = VTTokenData.m; sourceTree = "<group>"; };
		DAACAC591A8B492800C6265A /* VTTokenRequest.h */ = {isa = PBXFileReference; fileEncoding = 4; lastKnownFileType = sourcecode.c.h; path = VTTokenRequest.h; sourceTree = "<group>"; };
		DAACAC5A1A8B492800C6265A /* VTTokenRequest.m */ = {isa = PBXFileReference; fileEncoding = 4; lastKnownFileType = sourcecode.c.objc; path = VTTokenRequest.m; sourceTree = "<group>"; };
		DAACAC5C1A8B494800C6265A /* VTTokenResponse.h */ = {isa = PBXFileReference; fileEncoding = 4; lastKnownFileType = sourcecode.c.h; path = VTTokenResponse.h; sourceTree = "<group>"; };
		DAACAC5D1A8B494800C6265A /* VTTokenResponse.m */ = {isa = PBXFileReference; fileEncoding = 4; lastKnownFileType = sourcecode.c.objc; path = VTTokenResponse.m; sourceTree = "<group>"; };
		DAB02B701A8C672C006B937B /* VTConfirmTransactionRequest.h */ = {isa = PBXFileReference; fileEncoding = 4; lastKnownFileType = sourcecode.c.h; path = VTConfirmTransactionRequest.h; sourceTree = "<group>"; };
		DAB02B711A8C672C006B937B /* VTConfirmTransactionRequest.m */ = {isa = PBXFileReference; fileEncoding = 4; lastKnownFileType = sourcecode.c.objc; path = VTConfirmTransactionRequest.m; sourceTree = "<group>"; };
		DAB02B731A8C683B006B937B /* VTConfirmTransactionResponse.h */ = {isa = PBXFileReference; fileEncoding = 4; lastKnownFileType = sourcecode.c.h; path = VTConfirmTransactionResponse.h; sourceTree = "<group>"; };
		DAB02B741A8C683B006B937B /* VTConfirmTransactionResponse.m */ = {isa = PBXFileReference; fileEncoding = 4; lastKnownFileType = sourcecode.c.objc; path = VTConfirmTransactionResponse.m; sourceTree = "<group>"; };
		DAFDFBF01A88B3B5003972C0 /* libVTMobileSDK.a */ = {isa = PBXFileReference; explicitFileType = archive.ar; includeInIndex = 0; path = libVTMobileSDK.a; sourceTree = BUILT_PRODUCTS_DIR; };
		DAFDFBF31A88B3B5003972C0 /* VTMobile.h */ = {isa = PBXFileReference; lastKnownFileType = sourcecode.c.h; path = VTMobile.h; sourceTree = "<group>"; };
		DAFDFBF51A88B3B5003972C0 /* VTMobile.m */ = {isa = PBXFileReference; lastKnownFileType = sourcecode.c.objc; path = VTMobile.m; sourceTree = "<group>"; };
		DAFDFBFB1A88B3B5003972C0 /* VTMobileSDKTests.xctest */ = {isa = PBXFileReference; explicitFileType = wrapper.cfbundle; includeInIndex = 0; path = VTMobileSDKTests.xctest; sourceTree = BUILT_PRODUCTS_DIR; };
		DAFDFC011A88B3B5003972C0 /* Info.plist */ = {isa = PBXFileReference; lastKnownFileType = text.plist.xml; path = Info.plist; sourceTree = "<group>"; };
		DAFDFC0B1A88B576003972C0 /* VTCardDetails.h */ = {isa = PBXFileReference; fileEncoding = 4; lastKnownFileType = sourcecode.c.h; path = VTCardDetails.h; sourceTree = "<group>"; };
		DAFDFC0C1A88B576003972C0 /* VTCardDetails.m */ = {isa = PBXFileReference; fileEncoding = 4; lastKnownFileType = sourcecode.c.objc; path = VTCardDetails.m; sourceTree = "<group>"; };
		DAFDFC0F1A88B7D8003972C0 /* VTMobileConfig.h */ = {isa = PBXFileReference; fileEncoding = 4; lastKnownFileType = sourcecode.c.h; path = VTMobileConfig.h; sourceTree = "<group>"; };
		DAFDFC101A88B7D8003972C0 /* VTMobileConfig.m */ = {isa = PBXFileReference; fileEncoding = 4; lastKnownFileType = sourcecode.c.objc; path = VTMobileConfig.m; sourceTree = "<group>"; };
/* End PBXFileReference section */

/* Begin PBXFrameworksBuildPhase section */
		DAFDFBED1A88B3B5003972C0 /* Frameworks */ = {
			isa = PBXFrameworksBuildPhase;
			buildActionMask = 2147483647;
			files = (
			);
			runOnlyForDeploymentPostprocessing = 0;
		};
		DAFDFBF81A88B3B5003972C0 /* Frameworks */ = {
			isa = PBXFrameworksBuildPhase;
			buildActionMask = 2147483647;
			files = (
				DAFDFBFC1A88B3B5003972C0 /* libVTMobileSDK.a in Frameworks */,
			);
			runOnlyForDeploymentPostprocessing = 0;
		};
/* End PBXFrameworksBuildPhase section */

/* Begin PBXGroup section */
		DAA074A11A89DAA200FD2927 /* helper */ = {
			isa = PBXGroup;
			children = (
				DAA074A21A89DAB800FD2927 /* VTConstantTest.m */,
			);
			name = helper;
			sourceTree = "<group>";
		};
		DAA074A61A89ECF900FD2927 /* response */ = {
			isa = PBXGroup;
			children = (
				DAA074A71A89ED0E00FD2927 /* VTBaseResponse.h */,
				DAA074A81A89ED0E00FD2927 /* VTBaseResponse.m */,
				DAA074AA1A89ED6200FD2927 /* VTGetProductResponse.h */,
				DAA074AB1A89ED6200FD2927 /* VTGetProductResponse.m */,
				DAA074B31A8A2F2D00FD2927 /* VTChargeResponse.h */,
				DAA074B41A8A2F2D00FD2927 /* VTChargeResponse.m */,
				DAACAC5C1A8B494800C6265A /* VTTokenResponse.h */,
				DAACAC5D1A8B494800C6265A /* VTTokenResponse.m */,
				DAB02B731A8C683B006B937B /* VTConfirmTransactionResponse.h */,
				DAB02B741A8C683B006B937B /* VTConfirmTransactionResponse.m */,
			);
			name = response;
			sourceTree = "<group>";
		};
		DAACAC181A8B0EFF00C6265A /* JSONModel */ = {
			isa = PBXGroup;
			children = (
				DAACAC191A8B0EFF00C6265A /* JSONModel */,
				DAACAC221A8B0EFF00C6265A /* JSONModelCategories */,
				DAACAC251A8B0EFF00C6265A /* JSONModelLib.h */,
				DAACAC261A8B0EFF00C6265A /* JSONModelNetworking */,
				DAACAC2D1A8B0EFF00C6265A /* JSONModelTransformations */,
			);
			name = JSONModel;
			path = "../../../trial/JSONModel-master/JSONModel";
			sourceTree = "<group>";
		};
		DAACAC191A8B0EFF00C6265A /* JSONModel */ = {
			isa = PBXGroup;
			children = (
				DAACAC1A1A8B0EFF00C6265A /* JSONModel.h */,
				DAACAC1B1A8B0EFF00C6265A /* JSONModel.m */,
				DAACAC1C1A8B0EFF00C6265A /* JSONModelArray.h */,
				DAACAC1D1A8B0EFF00C6265A /* JSONModelArray.m */,
				DAACAC1E1A8B0EFF00C6265A /* JSONModelClassProperty.h */,
				DAACAC1F1A8B0EFF00C6265A /* JSONModelClassProperty.m */,
				DAACAC201A8B0EFF00C6265A /* JSONModelError.h */,
				DAACAC211A8B0EFF00C6265A /* JSONModelError.m */,
			);
			path = JSONModel;
			sourceTree = "<group>";
		};
		DAACAC221A8B0EFF00C6265A /* JSONModelCategories */ = {
			isa = PBXGroup;
			children = (
				DAACAC231A8B0EFF00C6265A /* NSArray+JSONModel.h */,
				DAACAC241A8B0EFF00C6265A /* NSArray+JSONModel.m */,
			);
			path = JSONModelCategories;
			sourceTree = "<group>";
		};
		DAACAC261A8B0EFF00C6265A /* JSONModelNetworking */ = {
			isa = PBXGroup;
			children = (
				DAACAC271A8B0EFF00C6265A /* JSONAPI.h */,
				DAACAC281A8B0EFF00C6265A /* JSONAPI.m */,
				DAACAC291A8B0EFF00C6265A /* JSONHTTPClient.h */,
				DAACAC2A1A8B0EFF00C6265A /* JSONHTTPClient.m */,
				DAACAC2B1A8B0EFF00C6265A /* JSONModel+networking.h */,
				DAACAC2C1A8B0EFF00C6265A /* JSONModel+networking.m */,
			);
			path = JSONModelNetworking;
			sourceTree = "<group>";
		};
		DAACAC2D1A8B0EFF00C6265A /* JSONModelTransformations */ = {
			isa = PBXGroup;
			children = (
				DAACAC2E1A8B0EFF00C6265A /* JSONKeyMapper.h */,
				DAACAC2F1A8B0EFF00C6265A /* JSONKeyMapper.m */,
				DAACAC301A8B0EFF00C6265A /* JSONValueTransformer.h */,
				DAACAC311A8B0EFF00C6265A /* JSONValueTransformer.m */,
			);
			path = JSONModelTransformations;
			sourceTree = "<group>";
		};
		DAACAC4F1A8B160C00C6265A /* request */ = {
			isa = PBXGroup;
			children = (
				DAACAC501A8B162700C6265A /* VTBaseRequest.h */,
				DAACAC511A8B162700C6265A /* VTBaseRequest.m */,
				DAACAC531A8B16CC00C6265A /* VTChargeRequest.h */,
				DAACAC541A8B16CC00C6265A /* VTChargeRequest.m */,
				DAACAC591A8B492800C6265A /* VTTokenRequest.h */,
				DAACAC5A1A8B492800C6265A /* VTTokenRequest.m */,
				DAB02B701A8C672C006B937B /* VTConfirmTransactionRequest.h */,
				DAB02B711A8C672C006B937B /* VTConfirmTransactionRequest.m */,
			);
			name = request;
			sourceTree = "<group>";
		};
		DAFDFBE71A88B3B5003972C0 = {
			isa = PBXGroup;
			children = (
				DAFDFBF21A88B3B5003972C0 /* VTMobileSDK */,
				DAFDFBFF1A88B3B5003972C0 /* VTMobileSDKTests */,
				DAFDFBF11A88B3B5003972C0 /* Products */,
			);
			sourceTree = "<group>";
		};
		DAFDFBF11A88B3B5003972C0 /* Products */ = {
			isa = PBXGroup;
			children = (
				DAFDFBF01A88B3B5003972C0 /* libVTMobileSDK.a */,
				DAFDFBFB1A88B3B5003972C0 /* VTMobileSDKTests.xctest */,
			);
			name = Products;
			sourceTree = "<group>";
		};
		DAFDFBF21A88B3B5003972C0 /* VTMobileSDK */ = {
			isa = PBXGroup;
			children = (
				DAACAC4F1A8B160C00C6265A /* request */,
				DAACAC181A8B0EFF00C6265A /* JSONModel */,
				DAA074A61A89ECF900FD2927 /* response */,
				DAFDFC0E1A88B7C6003972C0 /* helper */,
				DAFDFC0A1A88B54C003972C0 /* entity */,
				DAFDFBF31A88B3B5003972C0 /* VTMobile.h */,
				DAFDFBF51A88B3B5003972C0 /* VTMobile.m */,
			);
			path = VTMobileSDK;
			sourceTree = "<group>";
		};
		DAFDFBFF1A88B3B5003972C0 /* VTMobileSDKTests */ = {
			isa = PBXGroup;
			children = (
				DAACAC4A1A8B100300C6265A /* VTJsonTest.h */,
				DAACAC4B1A8B100300C6265A /* VTJsonTest.m */,
				DAA074A11A89DAA200FD2927 /* helper */,
				DAFDFC001A88B3B5003972C0 /* Supporting Files */,
				DAA074A41A89DF1100FD2927 /* VTMobileTest.m */,
				DAACAC4D1A8B101600C6265A /* JsonTest.m */,
			);
			path = VTMobileSDKTests;
			sourceTree = "<group>";
		};
		DAFDFC001A88B3B5003972C0 /* Supporting Files */ = {
			isa = PBXGroup;
			children = (
				DAFDFC011A88B3B5003972C0 /* Info.plist */,
			);
			name = "Supporting Files";
			sourceTree = "<group>";
		};
		DAFDFC0A1A88B54C003972C0 /* entity */ = {
			isa = PBXGroup;
			children = (
				DAFDFC0B1A88B576003972C0 /* VTCardDetails.h */,
				DAFDFC0C1A88B576003972C0 /* VTCardDetails.m */,
				DAA074B01A8A0E8300FD2927 /* VTProduct.h */,
				DAA074B11A8A0E8300FD2927 /* VTProduct.m */,
				DAACAC561A8B25E100C6265A /* VTTokenData.h */,
				DAACAC571A8B25E100C6265A /* VTTokenData.m */,
			);
			name = entity;
			sourceTree = "<group>";
		};
		DAFDFC0E1A88B7C6003972C0 /* helper */ = {
			isa = PBXGroup;
			children = (
				DAFDFC0F1A88B7D8003972C0 /* VTMobileConfig.h */,
				DAFDFC101A88B7D8003972C0 /* VTMobileConfig.m */,
				DAA0749E1A89D5F700FD2927 /* VTConstants.h */,
				DAA0749F1A89D5F700FD2927 /* VTConstants.m */,
				DAA074AD1A89F1AD00FD2927 /* VTHttpContainer.h */,
				DAA074AE1A89F1AD00FD2927 /* VTHttpContainer.m */,
			);
			name = helper;
			sourceTree = "<group>";
		};
/* End PBXGroup section */

/* Begin PBXNativeTarget section */
		DAFDFBEF1A88B3B5003972C0 /* VTMobileSDK */ = {
			isa = PBXNativeTarget;
			buildConfigurationList = DAFDFC041A88B3B5003972C0 /* Build configuration list for PBXNativeTarget "VTMobileSDK" */;
			buildPhases = (
				DAFDFBEC1A88B3B5003972C0 /* Sources */,
				DAFDFBED1A88B3B5003972C0 /* Frameworks */,
				DAFDFBEE1A88B3B5003972C0 /* CopyFiles */,
			);
			buildRules = (
			);
			dependencies = (
			);
			name = VTMobileSDK;
			productName = VTMobileSDK;
			productReference = DAFDFBF01A88B3B5003972C0 /* libVTMobileSDK.a */;
			productType = "com.apple.product-type.library.static";
		};
		DAFDFBFA1A88B3B5003972C0 /* VTMobileSDKTests */ = {
			isa = PBXNativeTarget;
			buildConfigurationList = DAFDFC071A88B3B5003972C0 /* Build configuration list for PBXNativeTarget "VTMobileSDKTests" */;
			buildPhases = (
				DAFDFBF71A88B3B5003972C0 /* Sources */,
				DAFDFBF81A88B3B5003972C0 /* Frameworks */,
				DAFDFBF91A88B3B5003972C0 /* Resources */,
			);
			buildRules = (
			);
			dependencies = (
				DAFDFBFE1A88B3B5003972C0 /* PBXTargetDependency */,
			);
			name = VTMobileSDKTests;
			productName = VTMobileSDKTests;
			productReference = DAFDFBFB1A88B3B5003972C0 /* VTMobileSDKTests.xctest */;
			productType = "com.apple.product-type.bundle.unit-test";
		};
/* End PBXNativeTarget section */

/* Begin PBXProject section */
		DAFDFBE81A88B3B5003972C0 /* Project object */ = {
			isa = PBXProject;
			attributes = {
				LastUpgradeCheck = 0610;
				ORGANIZATIONNAME = "Veritrans Indonesia";
				TargetAttributes = {
					DAA5E6F41A91A6B80010BB30 = {
						CreatedOnToolsVersion = 6.1.1;
					};
					DAFDFBEF1A88B3B5003972C0 = {
						CreatedOnToolsVersion = 6.1.1;
					};
					DAFDFBFA1A88B3B5003972C0 = {
						CreatedOnToolsVersion = 6.1.1;
					};
				};
			};
			buildConfigurationList = DAFDFBEB1A88B3B5003972C0 /* Build configuration list for PBXProject "VTMobileSDK" */;
			compatibilityVersion = "Xcode 3.2";
			developmentRegion = English;
			hasScannedForEncodings = 0;
			knownRegions = (
				en,
			);
			mainGroup = DAFDFBE71A88B3B5003972C0;
			productRefGroup = DAFDFBF11A88B3B5003972C0 /* Products */;
			projectDirPath = "";
			projectRoot = "";
			targets = (
				DAFDFBEF1A88B3B5003972C0 /* VTMobileSDK */,
				DAFDFBFA1A88B3B5003972C0 /* VTMobileSDKTests */,
				DAA5E6F41A91A6B80010BB30 /* UniversalVTMobileSDK */,
			);
		};
/* End PBXProject section */

/* Begin PBXResourcesBuildPhase section */
		DAFDFBF91A88B3B5003972C0 /* Resources */ = {
			isa = PBXResourcesBuildPhase;
			buildActionMask = 2147483647;
			files = (
			);
			runOnlyForDeploymentPostprocessing = 0;
		};
/* End PBXResourcesBuildPhase section */

/* Begin PBXShellScriptBuildPhase section */
		DAA5E6F81A91A73F0010BB30 /* ShellScript */ = {
			isa = PBXShellScriptBuildPhase;
			buildActionMask = 2147483647;
			files = (
			);
			inputPaths = (
			);
			outputPaths = (
			);
			runOnlyForDeploymentPostprocessing = 0;
			shellPath = /bin/sh;
			shellScript = "# define output folder environment variable\nUNIVERSAL_OUTPUTFOLDER=${BUILD_DIR}/${CONFIGURATION}-universal\n\n# Step 1. Build Device and Simulator versions\nxcodebuild -target ImageFilters ONLY_ACTIVE_ARCH=NO -configuration ${CONFIGURATION} -sdk iphoneos  BUILD_DIR=\"${BUILD_DIR}\" BUILD_ROOT=\"${BUILD_ROOT}\"\nxcodebuild -target ImageFilters -configuration ${CONFIGURATION} -sdk iphonesimulator -arch i386 BUILD_DIR=\"${BUILD_DIR}\" BUILD_ROOT=\"${BUILD_ROOT}\"\n\n# make sure the output directory exists\nmkdir -p \"${UNIVERSAL_OUTPUTFOLDER}\"\n\n# Step 2. Create universal binary file using lipo\nlipo -create -output \"${UNIVERSAL_OUTPUTFOLDER}/lib${PROJECT_NAME}.a\" \"${BUILD_DIR}/${CONFIGURATION}-iphoneos/lib${PROJECT_NAME}.a\" \"${BUILD_DIR}/${CONFIGURATION}-iphonesimulator/lib${PROJECT_NAME}.a\"\n\n# Last touch. copy the header files. Just for convenience\ncp -R \"${BUILD_DIR}/${CONFIGURATION}-iphoneos/include\" \"${UNIVERSAL_OUTPUTFOLDER}/\"";
		};
/* End PBXShellScriptBuildPhase section */

/* Begin PBXSourcesBuildPhase section */
		DAFDFBEC1A88B3B5003972C0 /* Sources */ = {
			isa = PBXSourcesBuildPhase;
			buildActionMask = 2147483647;
			files = (
				DAFDFC0D1A88B576003972C0 /* VTCardDetails.m in Sources */,
				DAA074B21A8A0E8300FD2927 /* VTProduct.m in Sources */,
				DAB02B751A8C683B006B937B /* VTConfirmTransactionResponse.m in Sources */,
				DAACAC401A8B0EFF00C6265A /* JSONModel+networking.m in Sources */,
				DAA074AC1A89ED6200FD2927 /* VTGetProductResponse.m in Sources */,
				DAA074B51A8A2F2D00FD2927 /* VTChargeResponse.m in Sources */,
				DAACAC3E1A8B0EFF00C6265A /* JSONHTTPClient.m in Sources */,
				DAACAC5E1A8B494800C6265A /* VTTokenResponse.m in Sources */,
				DAA074AF1A89F1AD00FD2927 /* VTHttpContainer.m in Sources */,
				DAACAC5B1A8B492800C6265A /* VTTokenRequest.m in Sources */,
				DAACAC581A8B25E100C6265A /* VTTokenData.m in Sources */,
				DAB02B721A8C672C006B937B /* VTConfirmTransactionRequest.m in Sources */,
				DAACAC551A8B16CC00C6265A /* VTChargeRequest.m in Sources */,
				DAACAC361A8B0EFF00C6265A /* JSONModelClassProperty.m in Sources */,
				DAACAC441A8B0EFF00C6265A /* JSONValueTransformer.m in Sources */,
				DAFDFC111A88B7D8003972C0 /* VTMobileConfig.m in Sources */,
				DAFDFBF61A88B3B5003972C0 /* VTMobile.m in Sources */,
				DAACAC3C1A8B0EFF00C6265A /* JSONAPI.m in Sources */,
				DAACAC3A1A8B0EFF00C6265A /* NSArray+JSONModel.m in Sources */,
				DAACAC421A8B0EFF00C6265A /* JSONKeyMapper.m in Sources */,
				DAA074A01A89D5F700FD2927 /* VTConstants.m in Sources */,
				DAA074A91A89ED0E00FD2927 /* VTBaseResponse.m in Sources */,
				DAACAC521A8B162800C6265A /* VTBaseRequest.m in Sources */,
				DAACAC381A8B0EFF00C6265A /* JSONModelError.m in Sources */,
				DAACAC321A8B0EFF00C6265A /* JSONModel.m in Sources */,
				DAACAC341A8B0EFF00C6265A /* JSONModelArray.m in Sources */,
			);
			runOnlyForDeploymentPostprocessing = 0;
		};
		DAFDFBF71A88B3B5003972C0 /* Sources */ = {
			isa = PBXSourcesBuildPhase;
			buildActionMask = 2147483647;
			files = (
				DAACAC3F1A8B0EFF00C6265A /* JSONHTTPClient.m in Sources */,
				DAACAC3D1A8B0EFF00C6265A /* JSONAPI.m in Sources */,
				DAACAC391A8B0EFF00C6265A /* JSONModelError.m in Sources */,
				DAACAC4E1A8B101600C6265A /* JsonTest.m in Sources */,
				DAACAC3B1A8B0EFF00C6265A /* NSArray+JSONModel.m in Sources */,
				DAACAC431A8B0EFF00C6265A /* JSONKeyMapper.m in Sources */,
				DAACAC331A8B0EFF00C6265A /* JSONModel.m in Sources */,
				DAACAC351A8B0EFF00C6265A /* JSONModelArray.m in Sources */,
				DAACAC4C1A8B100300C6265A /* VTJsonTest.m in Sources */,
				DAACAC371A8B0EFF00C6265A /* JSONModelClassProperty.m in Sources */,
				DAACAC411A8B0EFF00C6265A /* JSONModel+networking.m in Sources */,
				DAA074A31A89DAB800FD2927 /* VTConstantTest.m in Sources */,
				DAA074A51A89DF1100FD2927 /* VTMobileTest.m in Sources */,
				DAACAC451A8B0EFF00C6265A /* JSONValueTransformer.m in Sources */,
			);
			runOnlyForDeploymentPostprocessing = 0;
		};
/* End PBXSourcesBuildPhase section */

/* Begin PBXTargetDependency section */
		DAFDFBFE1A88B3B5003972C0 /* PBXTargetDependency */ = {
			isa = PBXTargetDependency;
			target = DAFDFBEF1A88B3B5003972C0 /* VTMobileSDK */;
			targetProxy = DAFDFBFD1A88B3B5003972C0 /* PBXContainerItemProxy */;
		};
/* End PBXTargetDependency section */

/* Begin XCBuildConfiguration section */
		DAA5E6F51A91A6B80010BB30 /* Debug */ = {
			isa = XCBuildConfiguration;
			buildSettings = {
				PRODUCT_NAME = "$(TARGET_NAME)";
			};
			name = Debug;
		};
		DAA5E6F61A91A6B80010BB30 /* Release */ = {
			isa = XCBuildConfiguration;
			buildSettings = {
				PRODUCT_NAME = "$(TARGET_NAME)";
			};
			name = Release;
		};
		DAFDFC021A88B3B5003972C0 /* Debug */ = {
			isa = XCBuildConfiguration;
			buildSettings = {
				ALWAYS_SEARCH_USER_PATHS = NO;
				CLANG_CXX_LANGUAGE_STANDARD = "gnu++0x";
				CLANG_CXX_LIBRARY = "libc++";
				CLANG_ENABLE_MODULES = YES;
				CLANG_ENABLE_OBJC_ARC = YES;
				CLANG_WARN_BOOL_CONVERSION = YES;
				CLANG_WARN_CONSTANT_CONVERSION = YES;
				CLANG_WARN_DIRECT_OBJC_ISA_USAGE = YES_ERROR;
				CLANG_WARN_EMPTY_BODY = YES;
				CLANG_WARN_ENUM_CONVERSION = YES;
				CLANG_WARN_INT_CONVERSION = YES;
				CLANG_WARN_OBJC_ROOT_CLASS = YES_ERROR;
				CLANG_WARN_UNREACHABLE_CODE = YES;
				CLANG_WARN__DUPLICATE_METHOD_MATCH = YES;
				COPY_PHASE_STRIP = NO;
				ENABLE_STRICT_OBJC_MSGSEND = YES;
				GCC_C_LANGUAGE_STANDARD = gnu99;
				GCC_DYNAMIC_NO_PIC = NO;
				GCC_OPTIMIZATION_LEVEL = 0;
				GCC_PREPROCESSOR_DEFINITIONS = (
					"DEBUG=1",
					"$(inherited)",
				);
				GCC_SYMBOLS_PRIVATE_EXTERN = NO;
				GCC_WARN_64_TO_32_BIT_CONVERSION = YES;
				GCC_WARN_ABOUT_RETURN_TYPE = YES_ERROR;
				GCC_WARN_UNDECLARED_SELECTOR = YES;
				GCC_WARN_UNINITIALIZED_AUTOS = YES_AGGRESSIVE;
				GCC_WARN_UNUSED_FUNCTION = YES;
				GCC_WARN_UNUSED_VARIABLE = YES;
				IPHONEOS_DEPLOYMENT_TARGET = 8.1;
				MTL_ENABLE_DEBUG_INFO = YES;
				ONLY_ACTIVE_ARCH = YES;
				SDKROOT = iphoneos;
			};
			name = Debug;
		};
		DAFDFC031A88B3B5003972C0 /* Release */ = {
			isa = XCBuildConfiguration;
			buildSettings = {
				ALWAYS_SEARCH_USER_PATHS = NO;
				CLANG_CXX_LANGUAGE_STANDARD = "gnu++0x";
				CLANG_CXX_LIBRARY = "libc++";
				CLANG_ENABLE_MODULES = YES;
				CLANG_ENABLE_OBJC_ARC = YES;
				CLANG_WARN_BOOL_CONVERSION = YES;
				CLANG_WARN_CONSTANT_CONVERSION = YES;
				CLANG_WARN_DIRECT_OBJC_ISA_USAGE = YES_ERROR;
				CLANG_WARN_EMPTY_BODY = YES;
				CLANG_WARN_ENUM_CONVERSION = YES;
				CLANG_WARN_INT_CONVERSION = YES;
				CLANG_WARN_OBJC_ROOT_CLASS = YES_ERROR;
				CLANG_WARN_UNREACHABLE_CODE = YES;
				CLANG_WARN__DUPLICATE_METHOD_MATCH = YES;
				COPY_PHASE_STRIP = YES;
				ENABLE_NS_ASSERTIONS = NO;
				ENABLE_STRICT_OBJC_MSGSEND = YES;
				GCC_C_LANGUAGE_STANDARD = gnu99;
				GCC_WARN_64_TO_32_BIT_CONVERSION = YES;
				GCC_WARN_ABOUT_RETURN_TYPE = YES_ERROR;
				GCC_WARN_UNDECLARED_SELECTOR = YES;
				GCC_WARN_UNINITIALIZED_AUTOS = YES_AGGRESSIVE;
				GCC_WARN_UNUSED_FUNCTION = YES;
				GCC_WARN_UNUSED_VARIABLE = YES;
				IPHONEOS_DEPLOYMENT_TARGET = 8.1;
				MTL_ENABLE_DEBUG_INFO = NO;
				SDKROOT = iphoneos;
				VALIDATE_PRODUCT = YES;
			};
			name = Release;
		};
		DAFDFC051A88B3B5003972C0 /* Debug */ = {
			isa = XCBuildConfiguration;
			buildSettings = {
				CODE_SIGN_IDENTITY = "iPhone Developer: Muhammad Anis (XJM5T9MPR9)";
				OTHER_LDFLAGS = "-ObjC";
				PRODUCT_NAME = "$(TARGET_NAME)";
				SKIP_INSTALL = YES;
			};
			name = Debug;
		};
		DAFDFC061A88B3B5003972C0 /* Release */ = {
			isa = XCBuildConfiguration;
			buildSettings = {
				CODE_SIGN_IDENTITY = "iPhone Developer: Muhammad Anis (XJM5T9MPR9)";
				OTHER_LDFLAGS = "-ObjC";
				PRODUCT_NAME = "$(TARGET_NAME)";
				SKIP_INSTALL = YES;
			};
			name = Release;
		};
		DAFDFC081A88B3B5003972C0 /* Debug */ = {
			isa = XCBuildConfiguration;
			buildSettings = {
				CODE_SIGN_IDENTITY = "iPhone Developer: Muhammad Anis (XJM5T9MPR9)";
				FRAMEWORK_SEARCH_PATHS = (
					"$(SDKROOT)/Developer/Library/Frameworks",
					"$(inherited)",
				);
				GCC_PREPROCESSOR_DEFINITIONS = (
					"DEBUG=1",
					"$(inherited)",
				);
				INFOPLIST_FILE = VTMobileSDKTests/Info.plist;
				LD_RUNPATH_SEARCH_PATHS = "$(inherited) @executable_path/Frameworks @loader_path/Frameworks";
				PRODUCT_NAME = "$(TARGET_NAME)";
			};
			name = Debug;
		};
		DAFDFC091A88B3B5003972C0 /* Release */ = {
			isa = XCBuildConfiguration;
			buildSettings = {
				CODE_SIGN_IDENTITY = "iPhone Developer: Muhammad Anis (XJM5T9MPR9)";
				FRAMEWORK_SEARCH_PATHS = (
					"$(SDKROOT)/Developer/Library/Frameworks",
					"$(inherited)",
				);
				INFOPLIST_FILE = VTMobileSDKTests/Info.plist;
				LD_RUNPATH_SEARCH_PATHS = "$(inherited) @executable_path/Frameworks @loader_path/Frameworks";
				PRODUCT_NAME = "$(TARGET_NAME)";
			};
			name = Release;
		};
/* End XCBuildConfiguration section */

/* Begin XCConfigurationList section */
		DAA5E6F71A91A6B80010BB30 /* Build configuration list for PBXAggregateTarget "UniversalVTMobileSDK" */ = {
			isa = XCConfigurationList;
			buildConfigurations = (
				DAA5E6F51A91A6B80010BB30 /* Debug */,
				DAA5E6F61A91A6B80010BB30 /* Release */,
			);
			defaultConfigurationIsVisible = 0;
		};
		DAFDFBEB1A88B3B5003972C0 /* Build configuration list for PBXProject "VTMobileSDK" */ = {
			isa = XCConfigurationList;
			buildConfigurations = (
				DAFDFC021A88B3B5003972C0 /* Debug */,
				DAFDFC031A88B3B5003972C0 /* Release */,
			);
			defaultConfigurationIsVisible = 0;
			defaultConfigurationName = Release;
		};
		DAFDFC041A88B3B5003972C0 /* Build configuration list for PBXNativeTarget "VTMobileSDK" */ = {
			isa = XCConfigurationList;
			buildConfigurations = (
				DAFDFC051A88B3B5003972C0 /* Debug */,
				DAFDFC061A88B3B5003972C0 /* Release */,
			);
			defaultConfigurationIsVisible = 0;
			defaultConfigurationName = Release;
		};
		DAFDFC071A88B3B5003972C0 /* Build configuration list for PBXNativeTarget "VTMobileSDKTests" */ = {
			isa = XCConfigurationList;
			buildConfigurations = (
				DAFDFC081A88B3B5003972C0 /* Debug */,
				DAFDFC091A88B3B5003972C0 /* Release */,
			);
			defaultConfigurationIsVisible = 0;
			defaultConfigurationName = Release;
		};
/* End XCConfigurationList section */
	};
	rootObject = DAFDFBE81A88B3B5003972C0 /* Project object */;
}
